
Microsoft Visual Studio Solution File, Format Version 12.00
# Visual Studio Version 17
VisualStudioVersion = 17.8.34525.116
MinimumVisualStudioVersion = 10.0.40219.1
Project("{FAE04EC0-301F-11D3-BF4B-00C04F79EFBC}") = "Atestat", "Atestat\Atestat.csproj", "{BB976878-8B1E-4CBF-9190-22B4628C99B9}"
EndProject
Global
	GlobalSection(SolutionConfigurationPlatforms) = preSolution
		Debug|Any CPU = Debug|Any CPU
		Release|Any CPU = Release|Any CPU
	EndGlobalSection
	GlobalSection(ProjectConfigurationPlatforms) = postSolution
		{BB976878-8B1E-4CBF-9190-22B4628C99B9}.Debug|Any CPU.ActiveCfg = Debug|Any CPU
		{BB976878-8B1E-4CBF-9190-22B4628C99B9}.Debug|Any CPU.Build.0 = Debug|Any CPU
		{BB976878-8B1E-4CBF-9190-22B4628C99B9}.Release|Any CPU.ActiveCfg = Release|Any CPU
		{BB976878-8B1E-4CBF-9190-22B4628C99B9}.Release|Any CPU.Build.0 = Release|Any CPU
	EndGlobalSection
	GlobalSection(SolutionProperties) = preSolution
		HideSolutionNode = FALSE
	EndGlobalSection
	GlobalSection(ExtensibilityGlobals) = postSolution
		SolutionGuid = {DC230DC5-18CF-4248-997F-DA68F06BCC18}
	EndGlobalSection
EndGlobal
